
Microsoft Visual Studio Solution File, Format Version 12.00
# Visual Studio 15
Project("{FAE04EC0-301F-11D3-BF4B-00C04F79EFBC}") = "NameSorter", "NameSorter\NameSorter.csproj", "{1E4BF0C2-2A9F-4A9E-BC20-24D2B22E9937}"
EndProject
Project("{FAE04EC0-301F-11D3-BF4B-00C04F79EFBC}") = "UnitTestNunit", "UnitTestNunit\UnitTestNunit.csproj", "{19651DE5-C871-4506-B74E-AC416478BC20}"
EndProject
Global
	GlobalSection(SolutionConfigurationPlatforms) = preSolution
		Debug|x86 = Debug|x86
		Release|x86 = Release|x86
	EndGlobalSection
	GlobalSection(ProjectConfigurationPlatforms) = postSolution
		{1E4BF0C2-2A9F-4A9E-BC20-24D2B22E9937}.Debug|x86.ActiveCfg = Debug|x86
		{1E4BF0C2-2A9F-4A9E-BC20-24D2B22E9937}.Debug|x86.Build.0 = Debug|x86
		{1E4BF0C2-2A9F-4A9E-BC20-24D2B22E9937}.Release|x86.ActiveCfg = Release|x86
		{1E4BF0C2-2A9F-4A9E-BC20-24D2B22E9937}.Release|x86.Build.0 = Release|x86
		{19651DE5-C871-4506-B74E-AC416478BC20}.Debug|x86.ActiveCfg = Debug|Any CPU
		{19651DE5-C871-4506-B74E-AC416478BC20}.Debug|x86.Build.0 = Debug|Any CPU
		{19651DE5-C871-4506-B74E-AC416478BC20}.Release|x86.ActiveCfg = Release|Any CPU
		{19651DE5-C871-4506-B74E-AC416478BC20}.Release|x86.Build.0 = Release|Any CPU
	EndGlobalSection
	GlobalSection(MonoDevelopProperties) = preSolution
		Policies = $0
		$0.DotNetNamingPolicy = $1
		$1.DirectoryNamespaceAssociation = PrefixedHierarchical
		$0.StandardHeader = $2
	EndGlobalSection
EndGlobal
